
Microsoft Visual Studio Solution File, Format Version 12.00
# Visual Studio Version 17
VisualStudioVersion = 17.2.32526.322
MinimumVisualStudioVersion = 10.0.40219.1
Project("{FAE04EC0-301F-11D3-BF4B-00C04F79EFBC}") = "Demo_AdoNet_Project", "Demo_AdoNet_Project\Demo_AdoNet_Project.csproj", "{DA302265-90DA-4FF7-BE90-082531B4B20D}"
EndProject
Global
	GlobalSection(SolutionConfigurationPlatforms) = preSolution
		Debug|Any CPU = Debug|Any CPU
		Release|Any CPU = Release|Any CPU
	EndGlobalSection
	GlobalSection(ProjectConfigurationPlatforms) = postSolution
		{DA302265-90DA-4FF7-BE90-082531B4B20D}.Debug|Any CPU.ActiveCfg = Debug|Any CPU
		{DA302265-90DA-4FF7-BE90-082531B4B20D}.Debug|Any CPU.Build.0 = Debug|Any CPU
		{DA302265-90DA-4FF7-BE90-082531B4B20D}.Release|Any CPU.ActiveCfg = Release|Any CPU
		{DA302265-90DA-4FF7-BE90-082531B4B20D}.Release|Any CPU.Build.0 = Release|Any CPU
	EndGlobalSection
	GlobalSection(SolutionProperties) = preSolution
		HideSolutionNode = FALSE
	EndGlobalSection
	GlobalSection(ExtensibilityGlobals) = postSolution
		SolutionGuid = {D2E4B218-E835-4EB7-86A5-C88573F6FBA1}
	EndGlobalSection
EndGlobal
